
Microsoft Visual Studio Solution File, Format Version 12.00
# Visual Studio 15
VisualStudioVersion = 15.0.27703.2026
MinimumVisualStudioVersion = 10.0.40219.1
Project("{9A19103F-16F7-4668-BE54-9A1E7A4F7556}") = "OpenWeatherClient-old", "OpenWeatherClient\OpenWeatherClient-old.csproj", "{DCC82977-8957-4C6C-8A10-6ADC1F405DE1}"
EndProject
Project("{FAE04EC0-301F-11D3-BF4B-00C04F79EFBC}") = "OpenWeatherClient.Test", "OpenWeatherClient.Test\OpenWeatherClient.Test.csproj", "{583D4F95-8A20-45D4-8CA0-CEC7F31CAF63}"
EndProject
Project("{9A19103F-16F7-4668-BE54-9A1E7A4F7556}") = "OpenWeather.Server", "OpenWeather.Server\OpenWeather.Server.csproj", "{B78AC926-D536-4948-8FE0-2081509983D9}"
EndProject
Project("{FAE04EC0-301F-11D3-BF4B-00C04F79EFBC}") = "OpenWeather.ServerFunc", "OpenWeather.ServerFunc\OpenWeather.ServerFunc.csproj", "{53C69E7E-2A39-4B6B-9755-DF94D5A51549}"
EndProject
Project("{FAE04EC0-301F-11D3-BF4B-00C04F79EFBC}") = "OpenWeather.Client", "OpenWeather.Client\OpenWeather.Client.csproj", "{A06DA972-6EAB-4974-A1E6-1598A0FDB12D}"
EndProject
Global
	GlobalSection(SolutionConfigurationPlatforms) = preSolution
		Debug|Any CPU = Debug|Any CPU
		Release|Any CPU = Release|Any CPU
	EndGlobalSection
	GlobalSection(ProjectConfigurationPlatforms) = postSolution
		{DCC82977-8957-4C6C-8A10-6ADC1F405DE1}.Debug|Any CPU.ActiveCfg = Debug|Any CPU
		{DCC82977-8957-4C6C-8A10-6ADC1F405DE1}.Debug|Any CPU.Build.0 = Debug|Any CPU
		{DCC82977-8957-4C6C-8A10-6ADC1F405DE1}.Release|Any CPU.ActiveCfg = Release|Any CPU
		{DCC82977-8957-4C6C-8A10-6ADC1F405DE1}.Release|Any CPU.Build.0 = Release|Any CPU
		{583D4F95-8A20-45D4-8CA0-CEC7F31CAF63}.Debug|Any CPU.ActiveCfg = Debug|Any CPU
		{583D4F95-8A20-45D4-8CA0-CEC7F31CAF63}.Debug|Any CPU.Build.0 = Debug|Any CPU
		{583D4F95-8A20-45D4-8CA0-CEC7F31CAF63}.Release|Any CPU.ActiveCfg = Release|Any CPU
		{583D4F95-8A20-45D4-8CA0-CEC7F31CAF63}.Release|Any CPU.Build.0 = Release|Any CPU
		{B78AC926-D536-4948-8FE0-2081509983D9}.Debug|Any CPU.ActiveCfg = Debug|Any CPU
		{B78AC926-D536-4948-8FE0-2081509983D9}.Debug|Any CPU.Build.0 = Debug|Any CPU
		{B78AC926-D536-4948-8FE0-2081509983D9}.Release|Any CPU.ActiveCfg = Release|Any CPU
		{B78AC926-D536-4948-8FE0-2081509983D9}.Release|Any CPU.Build.0 = Release|Any CPU
		{53C69E7E-2A39-4B6B-9755-DF94D5A51549}.Debug|Any CPU.ActiveCfg = Debug|Any CPU
		{53C69E7E-2A39-4B6B-9755-DF94D5A51549}.Debug|Any CPU.Build.0 = Debug|Any CPU
		{53C69E7E-2A39-4B6B-9755-DF94D5A51549}.Release|Any CPU.ActiveCfg = Release|Any CPU
		{53C69E7E-2A39-4B6B-9755-DF94D5A51549}.Release|Any CPU.Build.0 = Release|Any CPU
		{A06DA972-6EAB-4974-A1E6-1598A0FDB12D}.Debug|Any CPU.ActiveCfg = Debug|Any CPU
		{A06DA972-6EAB-4974-A1E6-1598A0FDB12D}.Debug|Any CPU.Build.0 = Debug|Any CPU
		{A06DA972-6EAB-4974-A1E6-1598A0FDB12D}.Release|Any CPU.ActiveCfg = Release|Any CPU
		{A06DA972-6EAB-4974-A1E6-1598A0FDB12D}.Release|Any CPU.Build.0 = Release|Any CPU
	EndGlobalSection
	GlobalSection(SolutionProperties) = preSolution
		HideSolutionNode = FALSE
	EndGlobalSection
	GlobalSection(ExtensibilityGlobals) = postSolution
		SolutionGuid = {785429D2-E5A3-4C0A-93B7-25880ADFC09E}
	EndGlobalSection
EndGlobal
